
Microsoft Visual Studio Solution File, Format Version 12.00
# Visual Studio Version 17
VisualStudioVersion = 17.0.32112.339
MinimumVisualStudioVersion = 10.0.40219.1
Project("{FAE04EC0-301F-11D3-BF4B-00C04F79EFBC}") = "BooksAPI", "BooksAPI\BooksAPI.csproj", "{AA85BD00-595E-4013-893D-F6C38C9920C7}"
EndProject
Project("{2150E333-8FDC-42A3-9474-1A3956D46DE8}") = "Solution Items", "Solution Items", "{DB758C26-EC7F-48F2-A21A-6569C433B848}"
	ProjectSection(SolutionItems) = preProject
		.editorconfig = .editorconfig
	EndProjectSection
EndProject
Project("{FAE04EC0-301F-11D3-BF4B-00C04F79EFBC}") = "Books.Windows", "Books.Windows\Books.Windows.csproj", "{2D4CDCF0-F74C-43CB-BE18-464CB7206D7B}"
EndProject
Global
	GlobalSection(SolutionConfigurationPlatforms) = preSolution
		Debug|Any CPU = Debug|Any CPU
		Release|Any CPU = Release|Any CPU
	EndGlobalSection
	GlobalSection(ProjectConfigurationPlatforms) = postSolution
		{AA85BD00-595E-4013-893D-F6C38C9920C7}.Debug|Any CPU.ActiveCfg = Debug|Any CPU
		{AA85BD00-595E-4013-893D-F6C38C9920C7}.Debug|Any CPU.Build.0 = Debug|Any CPU
		{AA85BD00-595E-4013-893D-F6C38C9920C7}.Release|Any CPU.ActiveCfg = Release|Any CPU
		{AA85BD00-595E-4013-893D-F6C38C9920C7}.Release|Any CPU.Build.0 = Release|Any CPU
		{2D4CDCF0-F74C-43CB-BE18-464CB7206D7B}.Debug|Any CPU.ActiveCfg = Debug|Any CPU
		{2D4CDCF0-F74C-43CB-BE18-464CB7206D7B}.Debug|Any CPU.Build.0 = Debug|Any CPU
		{2D4CDCF0-F74C-43CB-BE18-464CB7206D7B}.Release|Any CPU.ActiveCfg = Release|Any CPU
		{2D4CDCF0-F74C-43CB-BE18-464CB7206D7B}.Release|Any CPU.Build.0 = Release|Any CPU
	EndGlobalSection
	GlobalSection(SolutionProperties) = preSolution
		HideSolutionNode = FALSE
	EndGlobalSection
	GlobalSection(ExtensibilityGlobals) = postSolution
		SolutionGuid = {1F2F369D-BB1D-43C7-895C-6C5BA9EE99D4}
	EndGlobalSection
EndGlobal
